
Microsoft Visual Studio Solution File, Format Version 12.00
Project("{FAE04EC0-301F-11D3-BF4B-00C04F79EFBC}") = "bear-tabletop-basics.Platform", "bear-tabletop-basics.Platform\bear-tabletop-basics.Platform.csproj", "{FB372560-403D-44D4-98E7-FD318FEBE4F8}"
EndProject
Project("{FAE04EC0-301F-11D3-BF4B-00C04F79EFBC}") = "bear-tabletop-basics.Data", "bear-tabletop-basics.Data\bear-tabletop-basics.Data.csproj", "{514F5FD9-3A85-4D9B-8D44-18B32D715342}"
EndProject
Project("{FAE04EC0-301F-11D3-BF4B-00C04F79EFBC}") = "bear-tabletop-basics.Utils", "bear-tabletop-basics.Utils\bear-tabletop-basics.Utils.csproj", "{1B3D13EE-BC3F-4423-9FE8-DF32F1860862}"
EndProject
Global
	GlobalSection(SolutionConfigurationPlatforms) = preSolution
		Debug|Any CPU = Debug|Any CPU
		Release|Any CPU = Release|Any CPU
	EndGlobalSection
	GlobalSection(ProjectConfigurationPlatforms) = postSolution
		{FB372560-403D-44D4-98E7-FD318FEBE4F8}.Debug|Any CPU.ActiveCfg = Debug|Any CPU
		{FB372560-403D-44D4-98E7-FD318FEBE4F8}.Debug|Any CPU.Build.0 = Debug|Any CPU
		{FB372560-403D-44D4-98E7-FD318FEBE4F8}.Release|Any CPU.ActiveCfg = Release|Any CPU
		{FB372560-403D-44D4-98E7-FD318FEBE4F8}.Release|Any CPU.Build.0 = Release|Any CPU
		{514F5FD9-3A85-4D9B-8D44-18B32D715342}.Debug|Any CPU.ActiveCfg = Debug|Any CPU
		{514F5FD9-3A85-4D9B-8D44-18B32D715342}.Debug|Any CPU.Build.0 = Debug|Any CPU
		{514F5FD9-3A85-4D9B-8D44-18B32D715342}.Release|Any CPU.ActiveCfg = Release|Any CPU
		{514F5FD9-3A85-4D9B-8D44-18B32D715342}.Release|Any CPU.Build.0 = Release|Any CPU
		{1B3D13EE-BC3F-4423-9FE8-DF32F1860862}.Debug|Any CPU.ActiveCfg = Debug|Any CPU
		{1B3D13EE-BC3F-4423-9FE8-DF32F1860862}.Debug|Any CPU.Build.0 = Debug|Any CPU
		{1B3D13EE-BC3F-4423-9FE8-DF32F1860862}.Release|Any CPU.ActiveCfg = Release|Any CPU
		{1B3D13EE-BC3F-4423-9FE8-DF32F1860862}.Release|Any CPU.Build.0 = Release|Any CPU
	EndGlobalSection
EndGlobal
